
Microsoft Visual Studio Solution File, Format Version 12.00
# Visual Studio 14
VisualStudioVersion = 14.0.23107.0
MinimumVisualStudioVersion = 10.0.40219.1
Project("{00D1A9C2-B5F0-4AF3-8072-F6C62B433612}") = "StatusServer.Database", "StatusServer.Database\StatusServer.Database.sqlproj", "{96680AA1-9473-4314-8872-64474B249CD4}"
EndProject
Project("{8BB2217D-0F2D-49D1-97BC-3654ED321F3B}") = "StatusServer.Web", "StatusServer.Web\StatusServer.Web.xproj", "{39C38E12-83A2-44AC-835F-93A5AAFBC41C}"
EndProject
Project("{FAE04EC0-301F-11D3-BF4B-00C04F79EFBC}") = "StatusServer.Shared", "StatusServer.Shared\StatusServer.Shared.csproj", "{A7605EDB-301D-4E51-A182-A75655940B7B}"
EndProject
Project("{FAE04EC0-301F-11D3-BF4B-00C04F79EFBC}") = "StatusServer.DAL", "StatusServer.DAL\StatusServer.DAL.csproj", "{E7A6421F-857F-4BA7-80E7-9857BE407670}"
EndProject
Project("{FAE04EC0-301F-11D3-BF4B-00C04F79EFBC}") = "StatusServer.Client", "StatusServer.Client\StatusServer.Client.csproj", "{682A6A1F-7268-478E-ABDF-0BB8C5C00DA1}"
EndProject
Project("{2150E333-8FDC-42A3-9474-1A3956D46DE8}") = "Tests", "Tests", "{D1322FEF-8122-448F-AB72-9F2201E77B70}"
EndProject
Project("{FAE04EC0-301F-11D3-BF4B-00C04F79EFBC}") = "StatusServer.Client.Tests", "StatusServer.Client.Tests\StatusServer.Client.Tests.csproj", "{577C494A-D08A-4ED2-BA32-1151F12AF3EE}"
EndProject
Project("{FAE04EC0-301F-11D3-BF4B-00C04F79EFBC}") = "StatusServer.Shared.Tests", "StatusServer.Shared.Tests\StatusServer.Shared.Tests.csproj", "{26B4E11F-12BF-4F33-83D4-E18A1C5D4B63}"
EndProject
Project("{FAE04EC0-301F-11D3-BF4B-00C04F79EFBC}") = "StatusServer.DAL.Tests", "StatusServer.DAL.Tests\StatusServer.DAL.Tests.csproj", "{893D4D21-BA1D-44A7-99D4-A15FC4F682BA}"
EndProject
Global
	GlobalSection(SolutionConfigurationPlatforms) = preSolution
		Debug|Any CPU = Debug|Any CPU
		Release|Any CPU = Release|Any CPU
	EndGlobalSection
	GlobalSection(ProjectConfigurationPlatforms) = postSolution
		{96680AA1-9473-4314-8872-64474B249CD4}.Debug|Any CPU.ActiveCfg = Debug|Any CPU
		{96680AA1-9473-4314-8872-64474B249CD4}.Debug|Any CPU.Build.0 = Debug|Any CPU
		{96680AA1-9473-4314-8872-64474B249CD4}.Debug|Any CPU.Deploy.0 = Debug|Any CPU
		{96680AA1-9473-4314-8872-64474B249CD4}.Release|Any CPU.ActiveCfg = Release|Any CPU
		{96680AA1-9473-4314-8872-64474B249CD4}.Release|Any CPU.Build.0 = Release|Any CPU
		{96680AA1-9473-4314-8872-64474B249CD4}.Release|Any CPU.Deploy.0 = Release|Any CPU
		{39C38E12-83A2-44AC-835F-93A5AAFBC41C}.Debug|Any CPU.ActiveCfg = Debug|Any CPU
		{39C38E12-83A2-44AC-835F-93A5AAFBC41C}.Debug|Any CPU.Build.0 = Debug|Any CPU
		{39C38E12-83A2-44AC-835F-93A5AAFBC41C}.Release|Any CPU.ActiveCfg = Release|Any CPU
		{39C38E12-83A2-44AC-835F-93A5AAFBC41C}.Release|Any CPU.Build.0 = Release|Any CPU
		{A7605EDB-301D-4E51-A182-A75655940B7B}.Debug|Any CPU.ActiveCfg = Debug|Any CPU
		{A7605EDB-301D-4E51-A182-A75655940B7B}.Debug|Any CPU.Build.0 = Debug|Any CPU
		{A7605EDB-301D-4E51-A182-A75655940B7B}.Release|Any CPU.ActiveCfg = Release|Any CPU
		{A7605EDB-301D-4E51-A182-A75655940B7B}.Release|Any CPU.Build.0 = Release|Any CPU
		{E7A6421F-857F-4BA7-80E7-9857BE407670}.Debug|Any CPU.ActiveCfg = Debug|Any CPU
		{E7A6421F-857F-4BA7-80E7-9857BE407670}.Debug|Any CPU.Build.0 = Debug|Any CPU
		{E7A6421F-857F-4BA7-80E7-9857BE407670}.Release|Any CPU.ActiveCfg = Release|Any CPU
		{E7A6421F-857F-4BA7-80E7-9857BE407670}.Release|Any CPU.Build.0 = Release|Any CPU
		{682A6A1F-7268-478E-ABDF-0BB8C5C00DA1}.Debug|Any CPU.ActiveCfg = Debug|Any CPU
		{682A6A1F-7268-478E-ABDF-0BB8C5C00DA1}.Debug|Any CPU.Build.0 = Debug|Any CPU
		{682A6A1F-7268-478E-ABDF-0BB8C5C00DA1}.Release|Any CPU.ActiveCfg = Release|Any CPU
		{682A6A1F-7268-478E-ABDF-0BB8C5C00DA1}.Release|Any CPU.Build.0 = Release|Any CPU
		{577C494A-D08A-4ED2-BA32-1151F12AF3EE}.Debug|Any CPU.ActiveCfg = Debug|Any CPU
		{577C494A-D08A-4ED2-BA32-1151F12AF3EE}.Debug|Any CPU.Build.0 = Debug|Any CPU
		{577C494A-D08A-4ED2-BA32-1151F12AF3EE}.Release|Any CPU.ActiveCfg = Release|Any CPU
		{577C494A-D08A-4ED2-BA32-1151F12AF3EE}.Release|Any CPU.Build.0 = Release|Any CPU
		{26B4E11F-12BF-4F33-83D4-E18A1C5D4B63}.Debug|Any CPU.ActiveCfg = Debug|Any CPU
		{26B4E11F-12BF-4F33-83D4-E18A1C5D4B63}.Debug|Any CPU.Build.0 = Debug|Any CPU
		{26B4E11F-12BF-4F33-83D4-E18A1C5D4B63}.Release|Any CPU.ActiveCfg = Release|Any CPU
		{26B4E11F-12BF-4F33-83D4-E18A1C5D4B63}.Release|Any CPU.Build.0 = Release|Any CPU
		{893D4D21-BA1D-44A7-99D4-A15FC4F682BA}.Debug|Any CPU.ActiveCfg = Debug|Any CPU
		{893D4D21-BA1D-44A7-99D4-A15FC4F682BA}.Debug|Any CPU.Build.0 = Debug|Any CPU
		{893D4D21-BA1D-44A7-99D4-A15FC4F682BA}.Release|Any CPU.ActiveCfg = Release|Any CPU
		{893D4D21-BA1D-44A7-99D4-A15FC4F682BA}.Release|Any CPU.Build.0 = Release|Any CPU
	EndGlobalSection
	GlobalSection(SolutionProperties) = preSolution
		HideSolutionNode = FALSE
	EndGlobalSection
	GlobalSection(NestedProjects) = preSolution
		{577C494A-D08A-4ED2-BA32-1151F12AF3EE} = {D1322FEF-8122-448F-AB72-9F2201E77B70}
		{26B4E11F-12BF-4F33-83D4-E18A1C5D4B63} = {D1322FEF-8122-448F-AB72-9F2201E77B70}
		{893D4D21-BA1D-44A7-99D4-A15FC4F682BA} = {D1322FEF-8122-448F-AB72-9F2201E77B70}
	EndGlobalSection
EndGlobal
